
Microsoft Visual Studio Solution File, Format Version 12.00
# Visual Studio Version 17
VisualStudioVersion = 17.3.32804.467
MinimumVisualStudioVersion = 10.0.40219.1
Project("{FAE04EC0-301F-11D3-BF4B-00C04F79EFBC}") = "Troca entre primeiros e ultimos", "Troca entre primeiros e ultimos\Troca entre primeiros e ultimos.csproj", "{B18DA02C-E182-4C2B-9E75-F92B9C7C9E2D}"
EndProject
Global
	GlobalSection(SolutionConfigurationPlatforms) = preSolution
		Debug|Any CPU = Debug|Any CPU
		Release|Any CPU = Release|Any CPU
	EndGlobalSection
	GlobalSection(ProjectConfigurationPlatforms) = postSolution
		{B18DA02C-E182-4C2B-9E75-F92B9C7C9E2D}.Debug|Any CPU.ActiveCfg = Debug|Any CPU
		{B18DA02C-E182-4C2B-9E75-F92B9C7C9E2D}.Debug|Any CPU.Build.0 = Debug|Any CPU
		{B18DA02C-E182-4C2B-9E75-F92B9C7C9E2D}.Release|Any CPU.ActiveCfg = Release|Any CPU
		{B18DA02C-E182-4C2B-9E75-F92B9C7C9E2D}.Release|Any CPU.Build.0 = Release|Any CPU
	EndGlobalSection
	GlobalSection(SolutionProperties) = preSolution
		HideSolutionNode = FALSE
	EndGlobalSection
	GlobalSection(ExtensibilityGlobals) = postSolution
		SolutionGuid = {A5516F68-817B-4550-A8AC-BDDF817D0EEE}
	EndGlobalSection
EndGlobal
