
Microsoft Visual Studio Solution File, Format Version 12.00
# Visual Studio Version 17
VisualStudioVersion = 17.3.32804.467
MinimumVisualStudioVersion = 10.0.40219.1
Project("{FAE04EC0-301F-11D3-BF4B-00C04F79EFBC}") = "IdadeEmDias", "IdadeEmDias\IdadeEmDias.csproj", "{0F634024-E829-4AEB-84D5-F6E49C34E0BC}"
EndProject
Global
	GlobalSection(SolutionConfigurationPlatforms) = preSolution
		Debug|Any CPU = Debug|Any CPU
		Release|Any CPU = Release|Any CPU
	EndGlobalSection
	GlobalSection(ProjectConfigurationPlatforms) = postSolution
		{0F634024-E829-4AEB-84D5-F6E49C34E0BC}.Debug|Any CPU.ActiveCfg = Debug|Any CPU
		{0F634024-E829-4AEB-84D5-F6E49C34E0BC}.Debug|Any CPU.Build.0 = Debug|Any CPU
		{0F634024-E829-4AEB-84D5-F6E49C34E0BC}.Release|Any CPU.ActiveCfg = Release|Any CPU
		{0F634024-E829-4AEB-84D5-F6E49C34E0BC}.Release|Any CPU.Build.0 = Release|Any CPU
	EndGlobalSection
	GlobalSection(SolutionProperties) = preSolution
		HideSolutionNode = FALSE
	EndGlobalSection
	GlobalSection(ExtensibilityGlobals) = postSolution
		SolutionGuid = {5A6DBE4F-473F-4E40-A3E6-830A92421A04}
	EndGlobalSection
EndGlobal
