
Microsoft Visual Studio Solution File, Format Version 12.00
# Visual Studio Version 17
VisualStudioVersion = 17.3.32804.467
MinimumVisualStudioVersion = 10.0.40219.1
Project("{FAE04EC0-301F-11D3-BF4B-00C04F79EFBC}") = "7 - Entre pares e ímpares", "7 - Entre pares e ímpares\7 - Entre pares e ímpares.csproj", "{2BE01B37-1FEA-488F-A516-2420B5A920A2}"
EndProject
Global
	GlobalSection(SolutionConfigurationPlatforms) = preSolution
		Debug|Any CPU = Debug|Any CPU
		Release|Any CPU = Release|Any CPU
	EndGlobalSection
	GlobalSection(ProjectConfigurationPlatforms) = postSolution
		{2BE01B37-1FEA-488F-A516-2420B5A920A2}.Debug|Any CPU.ActiveCfg = Debug|Any CPU
		{2BE01B37-1FEA-488F-A516-2420B5A920A2}.Debug|Any CPU.Build.0 = Debug|Any CPU
		{2BE01B37-1FEA-488F-A516-2420B5A920A2}.Release|Any CPU.ActiveCfg = Release|Any CPU
		{2BE01B37-1FEA-488F-A516-2420B5A920A2}.Release|Any CPU.Build.0 = Release|Any CPU
	EndGlobalSection
	GlobalSection(SolutionProperties) = preSolution
		HideSolutionNode = FALSE
	EndGlobalSection
	GlobalSection(ExtensibilityGlobals) = postSolution
		SolutionGuid = {4895069C-075E-4EC1-B747-4AB2C16CDF1E}
	EndGlobalSection
EndGlobal
